github.com/agnivade/levenshtein v1.0.3 h1:M5ZnqLOoZR8ygVq0FfkXsNOKzMCk0xRiow0R5+5VkQ0=
github.com/agnivade/levenshtein v1.0.3/go.mod h1:4SFRZbbXWLF4MU1T9Qg0pGgH3Pjs+t6ie5efyrwRJXs=
github.com/arbovm/levenshtein v0.0.0-20160628152529-48b4e1c0c4d0 h1:jfIu9sQUG6Ig+0+Ap1h4unLjW6YQJpKZVmUzxsD4E/Q=
github.com/arbovm/levenshtein v0.0.0-20160628152529-48b4e1c0c4d0/go.mod h1:t2tdKJDJF9BV14lnkjHmOQgcvEKgtqs5a1N3LNdJhGE=
github.com/derekparker/trie v0.0.0-20200317170641-1fdf38b7b0e9 h1:G765iDCq7bP5opdrPkXk+4V3yfkgV9iGFuheWZ/X/zY=
github.com/derekparker/trie v0.0.0-20200317170641-1fdf38b7b0e9/go.mod h1:D6ICZm05D9VN1n/8iOtBxLpXtoGp6HDFUJ1RNVieOSE=
github.com/dgryski/trifles v0.0.0-20190318185328-a8d75aae118c h1:TUuUh0Xgj97tLMNtWtNvI9mIV6isjEb9lBMNv+77IGM=
github.com/dgryski/trifles v0.0.0-20190318185328-a8d75aae118c/go.mod h1:if7Fbed8SFyPtHLHbg49SI7NAdJiC5WIA09pe59rfAA=
github.com/gbrlsnchs/color v0.1.0 h1:kqGI5bcsfjpkIhVL1g4IpuCA5DL+lnF1mFy8XZ7ffKg=
github.com/gbrlsnchs/color v0.1.0/go.mod h1:DqmJ75IHg1obs9e8r0r7Q691hcywJBRUYtbxu/rBuWg=
github.com/gbrlsnchs/radix v1.0.0 h1:z0HafxDLhD8mWXiVb3Zo1TB9zJerNNIKBb+BMr071PQ=
github.com/gbrlsnchs/radix v1.0.0/go.mod h1:Rv0ueYu+grgwp1/ea0UUKeUlqMOqRXzf/3Ud2hFLB+E=
github.com/patrickmn/go-cache v1.0.0 h1:3gD5McaYs9CxjyK5AXGcq8gdeCARtd/9gJDUvVeaZ0Y=
github.com/patrickmn/go-cache v2.1.0+incompatible h1:HRMgzkcYKYpi3C8ajMPV8OFXaaRUnok+kx1WdO15EQc=
github.com/patrickmn/go-cache v2.1.0+incompatible/go.mod h1:3Qf8kWWT7OJRJbdiICTKqZju1ZixQ/KpMGzzAfe6+WQ=
